
Microsoft Visual Studio Solution File, Format Version 12.00
# Visual Studio Version 16
VisualStudioVersion = 16.0.29519.87
MinimumVisualStudioVersion = 10.0.40219.1
Project("{FAE04EC0-301F-11D3-BF4B-00C04F79EFBC}") = "SpravaStudentov", "SpravaStudentov.csproj", "{D949FCAB-CAC1-4E60-9465-76721B710BAC}"
EndProject
Global
	GlobalSection(SolutionConfigurationPlatforms) = preSolution
		Debug|Any CPU = Debug|Any CPU
		Release|Any CPU = Release|Any CPU
	EndGlobalSection
	GlobalSection(ProjectConfigurationPlatforms) = postSolution
		{D949FCAB-CAC1-4E60-9465-76721B710BAC}.Debug|Any CPU.ActiveCfg = Debug|Any CPU
		{D949FCAB-CAC1-4E60-9465-76721B710BAC}.Debug|Any CPU.Build.0 = Debug|Any CPU
		{D949FCAB-CAC1-4E60-9465-76721B710BAC}.Release|Any CPU.ActiveCfg = Release|Any CPU
		{D949FCAB-CAC1-4E60-9465-76721B710BAC}.Release|Any CPU.Build.0 = Release|Any CPU
	EndGlobalSection
	GlobalSection(SolutionProperties) = preSolution
		HideSolutionNode = FALSE
	EndGlobalSection
	GlobalSection(ExtensibilityGlobals) = postSolution
		SolutionGuid = {290F2403-57CD-4D0E-A847-DE4E25C9A07C}
	EndGlobalSection
EndGlobal
